// !$*UTF8*$!
{
	archiveVersion = 1;
	classes = {
	};
	objectVersion = 46;
	objects = {

/* Begin PBXBuildFile section */
		0025B1481DEBBF81003B0213 /* StudentLocationOnMapViewController.swift in Sources */ = {isa = PBXBuildFile; fileRef = 0025B1471DEBBF81003B0213 /* StudentLocationOnMapViewController.swift */; };
		006AFEAB1DE7639F00BCABDD /* ParseStudentLocation.swift in Sources */ = {isa = PBXBuildFile; fileRef = 006AFEAA1DE7639F00BCABDD /* ParseStudentLocation.swift */; };
		006AFEAD1DE7667A00BCABDD /* UdacityStudent.swift in Sources */ = {isa = PBXBuildFile; fileRef = 006AFEAC1DE7667A00BCABDD /* UdacityStudent.swift */; };
		006AFEAF1DE76AAC00BCABDD /* UdacityConvenience.swift in Sources */ = {isa = PBXBuildFile; fileRef = 006AFEAE1DE76AAC00BCABDD /* UdacityConvenience.swift */; };
		006AFEB11DE77A6600BCABDD /* StudentLocationMapViewController.swift in Sources */ = {isa = PBXBuildFile; fileRef = 006AFEB01DE77A6600BCABDD /* StudentLocationMapViewController.swift */; };
		006AFEB31DEA14D800BCABDD /* ParseStudentLocationClient.swift in Sources */ = {isa = PBXBuildFile; fileRef = 006AFEB21DEA14D800BCABDD /* ParseStudentLocationClient.swift */; };
		006AFEB51DEA150400BCABDD /* ParseStudentLocationConstants.swift in Sources */ = {isa = PBXBuildFile; fileRef = 006AFEB41DEA150400BCABDD /* ParseStudentLocationConstants.swift */; };
		006AFEB71DEA180900BCABDD /* ParseStudentLocationConvenience.swift in Sources */ = {isa = PBXBuildFile; fileRef = 006AFEB61DEA180900BCABDD /* ParseStudentLocationConvenience.swift */; };
		00C124891DEB52D000DF696C /* StudentLocationTableViewController.swift in Sources */ = {isa = PBXBuildFile; fileRef = 00C124881DEB52D000DF696C /* StudentLocationTableViewController.swift */; };
		00C1248B1DEB6E8B00DF696C /* NewStudentLocationViewController.swift in Sources */ = {isa = PBXBuildFile; fileRef = 00C1248A1DEB6E8B00DF696C /* NewStudentLocationViewController.swift */; };
		00ED08EE1DE0B8C10070E5DB /* AppDelegate.swift in Sources */ = {isa = PBXBuildFile; fileRef = 00ED08ED1DE0B8C10070E5DB /* AppDelegate.swift */; };
		00ED08F01DE0B8C10070E5DB /* ViewController.swift in Sources */ = {isa = PBXBuildFile; fileRef = 00ED08EF1DE0B8C10070E5DB /* ViewController.swift */; };
		00ED08F31DE0B8C10070E5DB /* Main.storyboard in Resources */ = {isa = PBXBuildFile; fileRef = 00ED08F11DE0B8C10070E5DB /* Main.storyboard */; };
		00ED08F51DE0B8C10070E5DB /* Assets.xcassets in Resources */ = {isa = PBXBuildFile; fileRef = 00ED08F41DE0B8C10070E5DB /* Assets.xcassets */; };
		00ED08F81DE0B8C10070E5DB /* LaunchScreen.storyboard in Resources */ = {isa = PBXBuildFile; fileRef = 00ED08F61DE0B8C10070E5DB /* LaunchScreen.storyboard */; };
		00ED09031DE0B8C10070E5DB /* OnTheMapTests.swift in Sources */ = {isa = PBXBuildFile; fileRef = 00ED09021DE0B8C10070E5DB /* OnTheMapTests.swift */; };
		00ED090E1DE0B8C10070E5DB /* OnTheMapUITests.swift in Sources */ = {isa = PBXBuildFile; fileRef = 00ED090D1DE0B8C10070E5DB /* OnTheMapUITests.swift */; };
		00ED091C1DE270D70070E5DB /* LoginViewController.swift in Sources */ = {isa = PBXBuildFile; fileRef = 00ED091B1DE270D70070E5DB /* LoginViewController.swift */; };
		00ED09241DE272C20070E5DB /* UdacityClient.swift in Sources */ = {isa = PBXBuildFile; fileRef = 00ED09231DE272C20070E5DB /* UdacityClient.swift */; };
		00ED09261DE273D20070E5DB /* UdacityConstants.swift in Sources */ = {isa = PBXBuildFile; fileRef = 00ED09251DE273D20070E5DB /* UdacityConstants.swift */; };
		00ED09281DE27BCD0070E5DB /* GCDBlackBox.swift in Sources */ = {isa = PBXBuildFile; fileRef = 00ED09271DE27BCD0070E5DB /* GCDBlackBox.swift */; };
/* End PBXBuildFile section */

/* Begin PBXContainerItemProxy section */
		00ED08FF1DE0B8C10070E5DB /* PBXContainerItemProxy */ = {
			isa = PBXContainerItemProxy;
			containerPortal = 00ED08E21DE0B8C10070E5DB /* Project object */;
			proxyType = 1;
			remoteGlobalIDString = 00ED08E91DE0B8C10070E5DB;
			remoteInfo = OnTheMap;
		};
		00ED090A1DE0B8C10070E5DB /* PBXContainerItemProxy */ = {
			isa = PBXContainerItemProxy;
			containerPortal = 00ED08E21DE0B8C10070E5DB /* Project object */;
			proxyType = 1;
			remoteGlobalIDString = 00ED08E91DE0B8C10070E5DB;
			remoteInfo = OnTheMap;
		};
/* End PBXContainerItemProxy section */

/* Begin PBXFileReference section */
		0025B1471DEBBF81003B0213 /* StudentLocationOnMapViewController.swift */ = {isa = PBXFileReference; fileEncoding = 4; lastKnownFileType = sourcecode.swift; path = StudentLocationOnMapViewController.swift; sourceTree = "<group>"; };
		006AFEAA1DE7639F00BCABDD /* ParseStudentLocation.swift */ = {isa = PBXFileReference; fileEncoding = 4; lastKnownFileType = sourcecode.swift; path = ParseStudentLocation.swift; sourceTree = "<group>"; };
		006AFEAC1DE7667A00BCABDD /* UdacityStudent.swift */ = {isa = PBXFileReference; fileEncoding = 4; lastKnownFileType = sourcecode.swift; path = UdacityStudent.swift; sourceTree = "<group>"; };
		006AFEAE1DE76AAC00BCABDD /* UdacityConvenience.swift */ = {isa = PBXFileReference; fileEncoding = 4; lastKnownFileType = sourcecode.swift; path = UdacityConvenience.swift; sourceTree = "<group>"; };
		006AFEB01DE77A6600BCABDD /* StudentLocationMapViewController.swift */ = {isa = PBXFileReference; fileEncoding = 4; lastKnownFileType = sourcecode.swift; path = StudentLocationMapViewController.swift; sourceTree = "<group>"; };
		006AFEB21DEA14D800BCABDD /* ParseStudentLocationClient.swift */ = {isa = PBXFileReference; fileEncoding = 4; lastKnownFileType = sourcecode.swift; path = ParseStudentLocationClient.swift; sourceTree = "<group>"; };
		006AFEB41DEA150400BCABDD /* ParseStudentLocationConstants.swift */ = {isa = PBXFileReference; fileEncoding = 4; lastKnownFileType = sourcecode.swift; path = ParseStudentLocationConstants.swift; sourceTree = "<group>"; };
		006AFEB61DEA180900BCABDD /* ParseStudentLocationConvenience.swift */ = {isa = PBXFileReference; fileEncoding = 4; lastKnownFileType = sourcecode.swift; path = ParseStudentLocationConvenience.swift; sourceTree = "<group>"; };
		00C124881DEB52D000DF696C /* StudentLocationTableViewController.swift */ = {isa = PBXFileReference; fileEncoding = 4; lastKnownFileType = sourcecode.swift; path = StudentLocationTableViewController.swift; sourceTree = "<group>"; };
		00C1248A1DEB6E8B00DF696C /* NewStudentLocationViewController.swift */ = {isa = PBXFileReference; fileEncoding = 4; lastKnownFileType = sourcecode.swift; path = NewStudentLocationViewController.swift; sourceTree = "<group>"; };
		00ED08EA1DE0B8C10070E5DB /* OnTheMap.app */ = {isa = PBXFileReference; explicitFileType = wrapper.application; includeInIndex = 0; path = OnTheMap.app; sourceTree = BUILT_PRODUCTS_DIR; };
		00ED08ED1DE0B8C10070E5DB /* AppDelegate.swift */ = {isa = PBXFileReference; lastKnownFileType = sourcecode.swift; path = AppDelegate.swift; sourceTree = "<group>"; };
		00ED08EF1DE0B8C10070E5DB /* ViewController.swift */ = {isa = PBXFileReference; lastKnownFileType = sourcecode.swift; path = ViewController.swift; sourceTree = "<group>"; };
		00ED08F21DE0B8C10070E5DB /* Base */ = {isa = PBXFileReference; lastKnownFileType = file.storyboard; name = Base; path = Base.lproj/Main.storyboard; sourceTree = "<group>"; };
		00ED08F41DE0B8C10070E5DB /* Assets.xcassets */ = {isa = PBXFileReference; lastKnownFileType = folder.assetcatalog; path = Assets.xcassets; sourceTree = "<group>"; };
		00ED08F71DE0B8C10070E5DB /* Base */ = {isa = PBXFileReference; lastKnownFileType = file.storyboard; name = Base; path = Base.lproj/LaunchScreen.storyboard; sourceTree = "<group>"; };
		00ED08F91DE0B8C10070E5DB /* Info.plist */ = {isa = PBXFileReference; lastKnownFileType = text.plist.xml; path = Info.plist; sourceTree = "<group>"; };
		00ED08FE1DE0B8C10070E5DB /* OnTheMapTests.xctest */ = {isa = PBXFileReference; explicitFileType = wrapper.cfbundle; includeInIndex = 0; path = OnTheMapTests.xctest; sourceTree = BUILT_PRODUCTS_DIR; };
		00ED09021DE0B8C10070E5DB /* OnTheMapTests.swift */ = {isa = PBXFileReference; lastKnownFileType = sourcecode.swift; path = OnTheMapTests.swift; sourceTree = "<group>"; };
		00ED09041DE0B8C10070E5DB /* Info.plist */ = {isa = PBXFileReference; lastKnownFileType = text.plist.xml; path = Info.plist; sourceTree = "<group>"; };
		00ED09091DE0B8C10070E5DB /* OnTheMapUITests.xctest */ = {isa = PBXFileReference; explicitFileType = wrapper.cfbundle; includeInIndex = 0; path = OnTheMapUITests.xctest; sourceTree = BUILT_PRODUCTS_DIR; };
		00ED090D1DE0B8C10070E5DB /* OnTheMapUITests.swift */ = {isa = PBXFileReference; lastKnownFileType = sourcecode.swift; path = OnTheMapUITests.swift; sourceTree = "<group>"; };
		00ED090F1DE0B8C10070E5DB /* Info.plist */ = {isa = PBXFileReference; lastKnownFileType = text.plist.xml; path = Info.plist; sourceTree = "<group>"; };
		00ED091B1DE270D70070E5DB /* LoginViewController.swift */ = {isa = PBXFileReference; fileEncoding = 4; lastKnownFileType = sourcecode.swift; path = LoginViewController.swift; sourceTree = "<group>"; };
		00ED09231DE272C20070E5DB /* UdacityClient.swift */ = {isa = PBXFileReference; fileEncoding = 4; lastKnownFileType = sourcecode.swift; path = UdacityClient.swift; sourceTree = "<group>"; };
		00ED09251DE273D20070E5DB /* UdacityConstants.swift */ = {isa = PBXFileReference; fileEncoding = 4; lastKnownFileType = sourcecode.swift; path = UdacityConstants.swift; sourceTree = "<group>"; };
		00ED09271DE27BCD0070E5DB /* GCDBlackBox.swift */ = {isa = PBXFileReference; fileEncoding = 4; lastKnownFileType = sourcecode.swift; path = GCDBlackBox.swift; sourceTree = "<group>"; };
/* End PBXFileReference section */

/* Begin PBXFrameworksBuildPhase section */
		00ED08E71DE0B8C10070E5DB /* Frameworks */ = {
			isa = PBXFrameworksBuildPhase;
			buildActionMask = 2147483647;
			files = (
			);
			runOnlyForDeploymentPostprocessing = 0;
		};
		00ED08FB1DE0B8C10070E5DB /* Frameworks */ = {
			isa = PBXFrameworksBuildPhase;
			buildActionMask = 2147483647;
			files = (
			);
			runOnlyForDeploymentPostprocessing = 0;
		};
		00ED09061DE0B8C10070E5DB /* Frameworks */ = {
			isa = PBXFrameworksBuildPhase;
			buildActionMask = 2147483647;
			files = (
			);
			runOnlyForDeploymentPostprocessing = 0;
		};
/* End PBXFrameworksBuildPhase section */

/* Begin PBXGroup section */
		00ED08E11DE0B8C10070E5DB = {
			isa = PBXGroup;
			children = (
				00ED08EC1DE0B8C10070E5DB /* OnTheMap */,
				00ED09011DE0B8C10070E5DB /* OnTheMapTests */,
				00ED090C1DE0B8C10070E5DB /* OnTheMapUITests */,
				00ED08EB1DE0B8C10070E5DB /* Products */,
			);
			sourceTree = "<group>";
		};
		00ED08EB1DE0B8C10070E5DB /* Products */ = {
			isa = PBXGroup;
			children = (
				00ED08EA1DE0B8C10070E5DB /* OnTheMap.app */,
				00ED08FE1DE0B8C10070E5DB /* OnTheMapTests.xctest */,
				00ED09091DE0B8C10070E5DB /* OnTheMapUITests.xctest */,
			);
			name = Products;
			sourceTree = "<group>";
		};
		00ED08EC1DE0B8C10070E5DB /* OnTheMap */ = {
			isa = PBXGroup;
			children = (
				00ED09271DE27BCD0070E5DB /* GCDBlackBox.swift */,
				00ED091D1DE271D00070E5DB /* Model */,
				00ED091E1DE271D80070E5DB /* View */,
				00ED091F1DE271ED0070E5DB /* Controller */,
				00ED08ED1DE0B8C10070E5DB /* AppDelegate.swift */,
				00ED08EF1DE0B8C10070E5DB /* ViewController.swift */,
				00ED08F11DE0B8C10070E5DB /* Main.storyboard */,
				00ED08F41DE0B8C10070E5DB /* Assets.xcassets */,
				00ED08F61DE0B8C10070E5DB /* LaunchScreen.storyboard */,
				00ED08F91DE0B8C10070E5DB /* Info.plist */,
			);
			path = OnTheMap;
			sourceTree = "<group>";
		};
		00ED09011DE0B8C10070E5DB /* OnTheMapTests */ = {
			isa = PBXGroup;
			children = (
				00ED09021DE0B8C10070E5DB /* OnTheMapTests.swift */,
				00ED09041DE0B8C10070E5DB /* Info.plist */,
			);
			path = OnTheMapTests;
			sourceTree = "<group>";
		};
		00ED090C1DE0B8C10070E5DB /* OnTheMapUITests */ = {
			isa = PBXGroup;
			children = (
				00ED090D1DE0B8C10070E5DB /* OnTheMapUITests.swift */,
				00ED090F1DE0B8C10070E5DB /* Info.plist */,
			);
			path = OnTheMapUITests;
			sourceTree = "<group>";
		};
		00ED091D1DE271D00070E5DB /* Model */ = {
			isa = PBXGroup;
			children = (
				00ED09201DE2722B0070E5DB /* Clients */,
			);
			name = Model;
			sourceTree = "<group>";
		};
		00ED091E1DE271D80070E5DB /* View */ = {
			isa = PBXGroup;
			children = (
			);
			name = View;
			sourceTree = "<group>";
		};
		00ED091F1DE271ED0070E5DB /* Controller */ = {
			isa = PBXGroup;
			children = (
				00ED091B1DE270D70070E5DB /* LoginViewController.swift */,
				006AFEB01DE77A6600BCABDD /* StudentLocationMapViewController.swift */,
				00C124881DEB52D000DF696C /* StudentLocationTableViewController.swift */,
				00C1248A1DEB6E8B00DF696C /* NewStudentLocationViewController.swift */,
				0025B1471DEBBF81003B0213 /* StudentLocationOnMapViewController.swift */,
			);
			name = Controller;
			sourceTree = "<group>";
		};
		00ED09201DE2722B0070E5DB /* Clients */ = {
			isa = PBXGroup;
			children = (
				00ED09221DE272380070E5DB /* Parse */,
				00ED09211DE272310070E5DB /* Udacity */,
			);
			name = Clients;
			sourceTree = "<group>";
		};
		00ED09211DE272310070E5DB /* Udacity */ = {
			isa = PBXGroup;
			children = (
				006AFEAE1DE76AAC00BCABDD /* UdacityConvenience.swift */,
				00ED09231DE272C20070E5DB /* UdacityClient.swift */,
				00ED09251DE273D20070E5DB /* UdacityConstants.swift */,
				006AFEAC1DE7667A00BCABDD /* UdacityStudent.swift */,
			);
			name = Udacity;
			sourceTree = "<group>";
		};
		00ED09221DE272380070E5DB /* Parse */ = {
			isa = PBXGroup;
			children = (
				006AFEB61DEA180900BCABDD /* ParseStudentLocationConvenience.swift */,
				006AFEB21DEA14D800BCABDD /* ParseStudentLocationClient.swift */,
				006AFEB41DEA150400BCABDD /* ParseStudentLocationConstants.swift */,
				006AFEAA1DE7639F00BCABDD /* ParseStudentLocation.swift */,
			);
			name = Parse;
			sourceTree = "<group>";
		};
/* End PBXGroup section */

/* Begin PBXNativeTarget section */
		00ED08E91DE0B8C10070E5DB /* OnTheMap */ = {
			isa = PBXNativeTarget;
			buildConfigurationList = 00ED09121DE0B8C10070E5DB /* Build configuration list for PBXNativeTarget "OnTheMap" */;
			buildPhases = (
				00ED08E61DE0B8C10070E5DB /* Sources */,
				00ED08E71DE0B8C10070E5DB /* Frameworks */,
				00ED08E81DE0B8C10070E5DB /* Resources */,
			);
			buildRules = (
			);
			dependencies = (
			);
			name = OnTheMap;
			productName = OnTheMap;
			productReference = 00ED08EA1DE0B8C10070E5DB /* OnTheMap.app */;
			productType = "com.apple.product-type.application";
		};
		00ED08FD1DE0B8C10070E5DB /* OnTheMapTests */ = {
			isa = PBXNativeTarget;
			buildConfigurationList = 00ED09151DE0B8C10070E5DB /* Build configuration list for PBXNativeTarget "OnTheMapTests" */;
			buildPhases = (
				00ED08FA1DE0B8C10070E5DB /* Sources */,
				00ED08FB1DE0B8C10070E5DB /* Frameworks */,
				00ED08FC1DE0B8C10070E5DB /* Resources */,
			);
			buildRules = (
			);
			dependencies = (
				00ED09001DE0B8C10070E5DB /* PBXTargetDependency */,
			);
			name = OnTheMapTests;
			productName = OnTheMapTests;
			productReference = 00ED08FE1DE0B8C10070E5DB /* OnTheMapTests.xctest */;
			productType = "com.apple.product-type.bundle.unit-test";
		};
		00ED09081DE0B8C10070E5DB /* OnTheMapUITests */ = {
			isa = PBXNativeTarget;
			buildConfigurationList = 00ED09181DE0B8C10070E5DB /* Build configuration list for PBXNativeTarget "OnTheMapUITests" */;
			buildPhases = (
				00ED09051DE0B8C10070E5DB /* Sources */,
				00ED09061DE0B8C10070E5DB /* Frameworks */,
				00ED09071DE0B8C10070E5DB /* Resources */,
			);
			buildRules = (
			);
			dependencies = (
				00ED090B1DE0B8C10070E5DB /* PBXTargetDependency */,
			);
			name = OnTheMapUITests;
			productName = OnTheMapUITests;
			productReference = 00ED09091DE0B8C10070E5DB /* OnTheMapUITests.xctest */;
			productType = "com.apple.product-type.bundle.ui-testing";
		};
/* End PBXNativeTarget section */

/* Begin PBXProject section */
		00ED08E21DE0B8C10070E5DB /* Project object */ = {
			isa = PBXProject;
			attributes = {
				LastSwiftUpdateCheck = 0810;
				LastUpgradeCheck = 0810;
				ORGANIZATIONNAME = zenkiu;
				TargetAttributes = {
					00ED08E91DE0B8C10070E5DB = {
						CreatedOnToolsVersion = 8.1;
						DevelopmentTeam = GLG6UUPRG8;
						ProvisioningStyle = Automatic;
					};
					00ED08FD1DE0B8C10070E5DB = {
						CreatedOnToolsVersion = 8.1;
						ProvisioningStyle = Automatic;
						TestTargetID = 00ED08E91DE0B8C10070E5DB;
					};
					00ED09081DE0B8C10070E5DB = {
						CreatedOnToolsVersion = 8.1;
						ProvisioningStyle = Automatic;
						TestTargetID = 00ED08E91DE0B8C10070E5DB;
					};
				};
			};
			buildConfigurationList = 00ED08E51DE0B8C10070E5DB /* Build configuration list for PBXProject "OnTheMap" */;
			compatibilityVersion = "Xcode 3.2";
			developmentRegion = English;
			hasScannedForEncodings = 0;
			knownRegions = (
				en,
				Base,
			);
			mainGroup = 00ED08E11DE0B8C10070E5DB;
			productRefGroup = 00ED08EB1DE0B8C10070E5DB /* Products */;
			projectDirPath = "";
			projectRoot = "";
			targets = (
				00ED08E91DE0B8C10070E5DB /* OnTheMap */,
				00ED08FD1DE0B8C10070E5DB /* OnTheMapTests */,
				00ED09081DE0B8C10070E5DB /* OnTheMapUITests */,
			);
		};
/* End PBXProject section */

/* Begin PBXResourcesBuildPhase section */
		00ED08E81DE0B8C10070E5DB /* Resources */ = {
			isa = PBXResourcesBuildPhase;
			buildActionMask = 2147483647;
			files = (
				00ED08F81DE0B8C10070E5DB /* LaunchScreen.storyboard in Resources */,
				00ED08F51DE0B8C10070E5DB /* Assets.xcassets in Resources */,
				00ED08F31DE0B8C10070E5DB /* Main.storyboard in Resources */,
			);
			runOnlyForDeploymentPostprocessing = 0;
		};
		00ED08FC1DE0B8C10070E5DB /* Resources */ = {
			isa = PBXResourcesBuildPhase;
			buildActionMask = 2147483647;
			files = (
			);
			runOnlyForDeploymentPostprocessing = 0;
		};
		00ED09071DE0B8C10070E5DB /* Resources */ = {
			isa = PBXResourcesBuildPhase;
			buildActionMask = 2147483647;
			files = (
			);
			runOnlyForDeploymentPostprocessing = 0;
		};
/* End PBXResourcesBuildPhase section */

/* Begin PBXSourcesBuildPhase section */
		00ED08E61DE0B8C10070E5DB /* Sources */ = {
			isa = PBXSourcesBuildPhase;
			buildActionMask = 2147483647;
			files = (
				00ED09241DE272C20070E5DB /* UdacityClient.swift in Sources */,
				006AFEB71DEA180900BCABDD /* ParseStudentLocationConvenience.swift in Sources */,
				006AFEAD1DE7667A00BCABDD /* UdacityStudent.swift in Sources */,
				006AFEAF1DE76AAC00BCABDD /* UdacityConvenience.swift in Sources */,
				00ED09261DE273D20070E5DB /* UdacityConstants.swift in Sources */,
				00ED091C1DE270D70070E5DB /* LoginViewController.swift in Sources */,
				006AFEB31DEA14D800BCABDD /* ParseStudentLocationClient.swift in Sources */,
				00ED08F01DE0B8C10070E5DB /* ViewController.swift in Sources */,
				00C1248B1DEB6E8B00DF696C /* NewStudentLocationViewController.swift in Sources */,
				00ED09281DE27BCD0070E5DB /* GCDBlackBox.swift in Sources */,
				006AFEAB1DE7639F00BCABDD /* ParseStudentLocation.swift in Sources */,
				00C124891DEB52D000DF696C /* StudentLocationTableViewController.swift in Sources */,
				006AFEB11DE77A6600BCABDD /* StudentLocationMapViewController.swift in Sources */,
				0025B1481DEBBF81003B0213 /* StudentLocationOnMapViewController.swift in Sources */,
				006AFEB51DEA150400BCABDD /* ParseStudentLocationConstants.swift in Sources */,
				00ED08EE1DE0B8C10070E5DB /* AppDelegate.swift in Sources */,
			);
			runOnlyForDeploymentPostprocessing = 0;
		};
		00ED08FA1DE0B8C10070E5DB /* Sources */ = {
			isa = PBXSourcesBuildPhase;
			buildActionMask = 2147483647;
			files = (
				00ED09031DE0B8C10070E5DB /* OnTheMapTests.swift in Sources */,
			);
			runOnlyForDeploymentPostprocessing = 0;
		};
		00ED09051DE0B8C10070E5DB /* Sources */ = {
			isa = PBXSourcesBuildPhase;
			buildActionMask = 2147483647;
			files = (
				00ED090E1DE0B8C10070E5DB /* OnTheMapUITests.swift in Sources */,
			);
			runOnlyForDeploymentPostprocessing = 0;
		};
/* End PBXSourcesBuildPhase section */

/* Begin PBXTargetDependency section */
		00ED09001DE0B8C10070E5DB /* PBXTargetDependency */ = {
			isa = PBXTargetDependency;
			target = 00ED08E91DE0B8C10070E5DB /* OnTheMap */;
			targetProxy = 00ED08FF1DE0B8C10070E5DB /* PBXContainerItemProxy */;
		};
		00ED090B1DE0B8C10070E5DB /* PBXTargetDependency */ = {
			isa = PBXTargetDependency;
			target = 00ED08E91DE0B8C10070E5DB /* OnTheMap */;
			targetProxy = 00ED090A1DE0B8C10070E5DB /* PBXContainerItemProxy */;
		};
/* End PBXTargetDependency section */

/* Begin PBXVariantGroup section */
		00ED08F11DE0B8C10070E5DB /* Main.storyboard */ = {
			isa = PBXVariantGroup;
			children = (
				00ED08F21DE0B8C10070E5DB /* Base */,
			);
			name = Main.storyboard;
			sourceTree = "<group>";
		};
		00ED08F61DE0B8C10070E5DB /* LaunchScreen.storyboard */ = {
			isa = PBXVariantGroup;
			children = (
				00ED08F71DE0B8C10070E5DB /* Base */,
			);
			name = LaunchScreen.storyboard;
			sourceTree = "<group>";
		};
/* End PBXVariantGroup section */

/* Begin XCBuildConfiguration section */
		00ED09101DE0B8C10070E5DB /* Debug */ = {
			isa = XCBuildConfiguration;
			buildSettings = {
				ALWAYS_SEARCH_USER_PATHS = NO;
				CLANG_ANALYZER_NONNULL = YES;
				CLANG_CXX_LANGUAGE_STANDARD = "gnu++0x";
				CLANG_CXX_LIBRARY = "libc++";
				CLANG_ENABLE_MODULES = YES;
				CLANG_ENABLE_OBJC_ARC = YES;
				CLANG_WARN_BOOL_CONVERSION = YES;
				CLANG_WARN_CONSTANT_CONVERSION = YES;
				CLANG_WARN_DIRECT_OBJC_ISA_USAGE = YES_ERROR;
				CLANG_WARN_DOCUMENTATION_COMMENTS = YES;
				CLANG_WARN_EMPTY_BODY = YES;
				CLANG_WARN_ENUM_CONVERSION = YES;
				CLANG_WARN_INFINITE_RECURSION = YES;
				CLANG_WARN_INT_CONVERSION = YES;
				CLANG_WARN_OBJC_ROOT_CLASS = YES_ERROR;
				CLANG_WARN_SUSPICIOUS_MOVES = YES;
				CLANG_WARN_UNREACHABLE_CODE = YES;
				CLANG_WARN__DUPLICATE_METHOD_MATCH = YES;
				"CODE_SIGN_IDENTITY[sdk=iphoneos*]" = "iPhone Developer";
				COPY_PHASE_STRIP = NO;
				DEBUG_INFORMATION_FORMAT = dwarf;
				ENABLE_STRICT_OBJC_MSGSEND = YES;
				ENABLE_TESTABILITY = YES;
				GCC_C_LANGUAGE_STANDARD = gnu99;
				GCC_DYNAMIC_NO_PIC = NO;
				GCC_NO_COMMON_BLOCKS = YES;
				GCC_OPTIMIZATION_LEVEL = 0;
				GCC_PREPROCESSOR_DEFINITIONS = (
					"DEBUG=1",
					"$(inherited)",
				);
				GCC_WARN_64_TO_32_BIT_CONVERSION = YES;
				GCC_WARN_ABOUT_RETURN_TYPE = YES_ERROR;
				GCC_WARN_UNDECLARED_SELECTOR = YES;
				GCC_WARN_UNINITIALIZED_AUTOS = YES_AGGRESSIVE;
				GCC_WARN_UNUSED_FUNCTION = YES;
				GCC_WARN_UNUSED_VARIABLE = YES;
				IPHONEOS_DEPLOYMENT_TARGET = 10.1;
				MTL_ENABLE_DEBUG_INFO = YES;
				ONLY_ACTIVE_ARCH = YES;
				SDKROOT = iphoneos;
				SWIFT_ACTIVE_COMPILATION_CONDITIONS = DEBUG;
				SWIFT_OPTIMIZATION_LEVEL = "-Onone";
			};
			name = Debug;
		};
		00ED09111DE0B8C10070E5DB /* Release */ = {
			isa = XCBuildConfiguration;
			buildSettings = {
				ALWAYS_SEARCH_USER_PATHS = NO;
				CLANG_ANALYZER_NONNULL = YES;
				CLANG_CXX_LANGUAGE_STANDARD = "gnu++0x";
				CLANG_CXX_LIBRARY = "libc++";
				CLANG_ENABLE_MODULES = YES;
				CLANG_ENABLE_OBJC_ARC = YES;
				CLANG_WARN_BOOL_CONVERSION = YES;
				CLANG_WARN_CONSTANT_CONVERSION = YES;
				CLANG_WARN_DIRECT_OBJC_ISA_USAGE = YES_ERROR;
				CLANG_WARN_DOCUMENTATION_COMMENTS = YES;
				CLANG_WARN_EMPTY_BODY = YES;
				CLANG_WARN_ENUM_CONVERSION = YES;
				CLANG_WARN_INFINITE_RECURSION = YES;
				CLANG_WARN_INT_CONVERSION = YES;
				CLANG_WARN_OBJC_ROOT_CLASS = YES_ERROR;
				CLANG_WARN_SUSPICIOUS_MOVES = YES;
				CLANG_WARN_UNREACHABLE_CODE = YES;
				CLANG_WARN__DUPLICATE_METHOD_MATCH = YES;
				"CODE_SIGN_IDENTITY[sdk=iphoneos*]" = "iPhone Developer";
				COPY_PHASE_STRIP = NO;
				DEBUG_INFORMATION_FORMAT = "dwarf-with-dsym";
				ENABLE_NS_ASSERTIONS = NO;
				ENABLE_STRICT_OBJC_MSGSEND = YES;
				GCC_C_LANGUAGE_STANDARD = gnu99;
				GCC_NO_COMMON_BLOCKS = YES;
				GCC_WARN_64_TO_32_BIT_CONVERSION = YES;
				GCC_WARN_ABOUT_RETURN_TYPE = YES_ERROR;
				GCC_WARN_UNDECLARED_SELECTOR = YES;
				GCC_WARN_UNINITIALIZED_AUTOS = YES_AGGRESSIVE;
				GCC_WARN_UNUSED_FUNCTION = YES;
				GCC_WARN_UNUSED_VARIABLE = YES;
				IPHONEOS_DEPLOYMENT_TARGET = 10.1;
				MTL_ENABLE_DEBUG_INFO = NO;
				SDKROOT = iphoneos;
				SWIFT_OPTIMIZATION_LEVEL = "-Owholemodule";
				VALIDATE_PRODUCT = YES;
			};
			name = Release;
		};
		00ED09131DE0B8C10070E5DB /* Debug */ = {
			isa = XCBuildConfiguration;
			buildSettings = {
				ASSETCATALOG_COMPILER_APPICON_NAME = AppIcon;
				DEVELOPMENT_TEAM = GLG6UUPRG8;
				INFOPLIST_FILE = OnTheMap/Info.plist;
				LD_RUNPATH_SEARCH_PATHS = "$(inherited) @executable_path/Frameworks";
				PRODUCT_BUNDLE_IDENTIFIER = com.udacity.OnTheMapJavier;
				PRODUCT_NAME = "$(TARGET_NAME)";
				SWIFT_VERSION = 3.0;
			};
			name = Debug;
		};
		00ED09141DE0B8C10070E5DB /* Release */ = {
			isa = XCBuildConfiguration;
			buildSettings = {
				ASSETCATALOG_COMPILER_APPICON_NAME = AppIcon;
				DEVELOPMENT_TEAM = GLG6UUPRG8;
				INFOPLIST_FILE = OnTheMap/Info.plist;
				LD_RUNPATH_SEARCH_PATHS = "$(inherited) @executable_path/Frameworks";
				PRODUCT_BUNDLE_IDENTIFIER = com.udacity.OnTheMapJavier;
				PRODUCT_NAME = "$(TARGET_NAME)";
				SWIFT_VERSION = 3.0;
			};
			name = Release;
		};
		00ED09161DE0B8C10070E5DB /* Debug */ = {
			isa = XCBuildConfiguration;
			buildSettings = {
				ALWAYS_EMBED_SWIFT_STANDARD_LIBRARIES = YES;
				BUNDLE_LOADER = "$(TEST_HOST)";
				INFOPLIST_FILE = OnTheMapTests/Info.plist;
				LD_RUNPATH_SEARCH_PATHS = "$(inherited) @executable_path/Frameworks @loader_path/Frameworks";
				PRODUCT_BUNDLE_IDENTIFIER = com.udacity.OnTheMapTests;
				PRODUCT_NAME = "$(TARGET_NAME)";
				SWIFT_VERSION = 3.0;
				TEST_HOST = "$(BUILT_PRODUCTS_DIR)/OnTheMap.app/OnTheMap";
			};
			name = Debug;
		};
		00ED09171DE0B8C10070E5DB /* Release */ = {
			isa = XCBuildConfiguration;
			buildSettings = {
				ALWAYS_EMBED_SWIFT_STANDARD_LIBRARIES = YES;
				BUNDLE_LOADER = "$(TEST_HOST)";
				INFOPLIST_FILE = OnTheMapTests/Info.plist;
				LD_RUNPATH_SEARCH_PATHS = "$(inherited) @executable_path/Frameworks @loader_path/Frameworks";
				PRODUCT_BUNDLE_IDENTIFIER = com.udacity.OnTheMapTests;
				PRODUCT_NAME = "$(TARGET_NAME)";
				SWIFT_VERSION = 3.0;
				TEST_HOST = "$(BUILT_PRODUCTS_DIR)/OnTheMap.app/OnTheMap";
			};
			name = Release;
		};
		00ED09191DE0B8C10070E5DB /* Debug */ = {
			isa = XCBuildConfiguration;
			buildSettings = {
				ALWAYS_EMBED_SWIFT_STANDARD_LIBRARIES = YES;
				INFOPLIST_FILE = OnTheMapUITests/Info.plist;
				LD_RUNPATH_SEARCH_PATHS = "$(inherited) @executable_path/Frameworks @loader_path/Frameworks";
				PRODUCT_BUNDLE_IDENTIFIER = com.udacity.OnTheMapUITests;
				PRODUCT_NAME = "$(TARGET_NAME)";
				SWIFT_VERSION = 3.0;
				TEST_TARGET_NAME = OnTheMap;
			};
			name = Debug;
		};
		00ED091A1DE0B8C10070E5DB /* Release */ = {
			isa = XCBuildConfiguration;
			buildSettings = {
				ALWAYS_EMBED_SWIFT_STANDARD_LIBRARIES = YES;
				INFOPLIST_FILE = OnTheMapUITests/Info.plist;
				LD_RUNPATH_SEARCH_PATHS = "$(inherited) @executable_path/Frameworks @loader_path/Frameworks";
				PRODUCT_BUNDLE_IDENTIFIER = com.udacity.OnTheMapUITests;
				PRODUCT_NAME = "$(TARGET_NAME)";
				SWIFT_VERSION = 3.0;
				TEST_TARGET_NAME = OnTheMap;
			};
			name = Release;
		};
/* End XCBuildConfiguration section */

/* Begin XCConfigurationList section */
		00ED08E51DE0B8C10070E5DB /* Build configuration list for PBXProject "OnTheMap" */ = {
			isa = XCConfigurationList;
			buildConfigurations = (
				00ED09101DE0B8C10070E5DB /* Debug */,
				00ED09111DE0B8C10070E5DB /* Release */,
			);
			defaultConfigurationIsVisible = 0;
			defaultConfigurationName = Release;
		};
		00ED09121DE0B8C10070E5DB /* Build configuration list for PBXNativeTarget "OnTheMap" */ = {
			isa = XCConfigurationList;
			buildConfigurations = (
				00ED09131DE0B8C10070E5DB /* Debug */,
				00ED09141DE0B8C10070E5DB /* Release */,
			);
			defaultConfigurationIsVisible = 0;
			defaultConfigurationName = Release;
		};
		00ED09151DE0B8C10070E5DB /* Build configuration list for PBXNativeTarget "OnTheMapTests" */ = {
			isa = XCConfigurationList;
			buildConfigurations = (
				00ED09161DE0B8C10070E5DB /* Debug */,
				00ED09171DE0B8C10070E5DB /* Release */,
			);
			defaultConfigurationIsVisible = 0;
			defaultConfigurationName = Release;
		};
		00ED09181DE0B8C10070E5DB /* Build configuration list for PBXNativeTarget "OnTheMapUITests" */ = {
			isa = XCConfigurationList;
			buildConfigurations = (
				00ED09191DE0B8C10070E5DB /* Debug */,
				00ED091A1DE0B8C10070E5DB /* Release */,
			);
			defaultConfigurationIsVisible = 0;
			defaultConfigurationName = Release;
		};
/* End XCConfigurationList section */
	};
	rootObject = 00ED08E21DE0B8C10070E5DB /* Project object */;
}
